
Microsoft Visual Studio Solution File, Format Version 12.00
# Visual Studio Version 17
VisualStudioVersion = 17.14.36408.4 d17.14
MinimumVisualStudioVersion = 10.0.40219.1
Project("{FAE04EC0-301F-11D3-BF4B-00C04F79EFBC}") = "Shopping.Client", "Shopping.Client\Shopping.Client.csproj", "{5DEF1B44-FBBB-41FD-980A-2E05EAD0ED82}"
EndProject
Global
	GlobalSection(SolutionConfigurationPlatforms) = preSolution
		Debug|Any CPU = Debug|Any CPU
		Release|Any CPU = Release|Any CPU
	EndGlobalSection
	GlobalSection(ProjectConfigurationPlatforms) = postSolution
		{5DEF1B44-FBBB-41FD-980A-2E05EAD0ED82}.Debug|Any CPU.ActiveCfg = Debug|Any CPU
		{5DEF1B44-FBBB-41FD-980A-2E05EAD0ED82}.Debug|Any CPU.Build.0 = Debug|Any CPU
		{5DEF1B44-FBBB-41FD-980A-2E05EAD0ED82}.Release|Any CPU.ActiveCfg = Release|Any CPU
		{5DEF1B44-FBBB-41FD-980A-2E05EAD0ED82}.Release|Any CPU.Build.0 = Release|Any CPU
	EndGlobalSection
	GlobalSection(SolutionProperties) = preSolution
		HideSolutionNode = FALSE
	EndGlobalSection
	GlobalSection(ExtensibilityGlobals) = postSolution
		SolutionGuid = {792F420D-7CEE-406F-865B-27A3E4F5F48C}
	EndGlobalSection
EndGlobal
